
Microsoft Visual Studio Solution File, Format Version 12.00
# Visual Studio Version 17
VisualStudioVersion = 17.13.35913.81
MinimumVisualStudioVersion = 10.0.40219.1
Project("{FAE04EC0-301F-11D3-BF4B-00C04F79EFBC}") = "Tests", "Tests\Tests.csproj", "{9CF47860-2CEA-F379-09D8-9AEF27965D12}"
EndProject
Project("{FAE04EC0-301F-11D3-BF4B-00C04F79EFBC}") = "IBLT", "IBLT\IBLT.csproj", "{6FA06570-B749-3A4C-8F4F-E7BEB8FB7A3B}"
EndProject
Project("{FAE04EC0-301F-11D3-BF4B-00C04F79EFBC}") = "ChecksumCosmosClient", "ChecksumCosmosClient\ChecksumCosmosClient.csproj", "{4CFD9F8D-076E-4933-886B-0C273A42B64F}"
EndProject
Project("{FAE04EC0-301F-11D3-BF4B-00C04F79EFBC}") = "TestConsoleApp", "TestConsoleApp\TestConsoleApp.csproj", "{D03D004D-CA3B-42BB-9C0D-2C11AAAABDE5}"
EndProject
Global
	GlobalSection(SolutionConfigurationPlatforms) = preSolution
		Debug|Any CPU = Debug|Any CPU
		Release|Any CPU = Release|Any CPU
	EndGlobalSection
	GlobalSection(ProjectConfigurationPlatforms) = postSolution
		{9CF47860-2CEA-F379-09D8-9AEF27965D12}.Debug|Any CPU.ActiveCfg = Debug|Any CPU
		{9CF47860-2CEA-F379-09D8-9AEF27965D12}.Debug|Any CPU.Build.0 = Debug|Any CPU
		{9CF47860-2CEA-F379-09D8-9AEF27965D12}.Release|Any CPU.ActiveCfg = Release|Any CPU
		{9CF47860-2CEA-F379-09D8-9AEF27965D12}.Release|Any CPU.Build.0 = Release|Any CPU
		{6FA06570-B749-3A4C-8F4F-E7BEB8FB7A3B}.Debug|Any CPU.ActiveCfg = Debug|Any CPU
		{6FA06570-B749-3A4C-8F4F-E7BEB8FB7A3B}.Debug|Any CPU.Build.0 = Debug|Any CPU
		{6FA06570-B749-3A4C-8F4F-E7BEB8FB7A3B}.Release|Any CPU.ActiveCfg = Release|Any CPU
		{6FA06570-B749-3A4C-8F4F-E7BEB8FB7A3B}.Release|Any CPU.Build.0 = Release|Any CPU
		{4CFD9F8D-076E-4933-886B-0C273A42B64F}.Debug|Any CPU.ActiveCfg = Debug|Any CPU
		{4CFD9F8D-076E-4933-886B-0C273A42B64F}.Debug|Any CPU.Build.0 = Debug|Any CPU
		{4CFD9F8D-076E-4933-886B-0C273A42B64F}.Release|Any CPU.ActiveCfg = Release|Any CPU
		{4CFD9F8D-076E-4933-886B-0C273A42B64F}.Release|Any CPU.Build.0 = Release|Any CPU
		{D03D004D-CA3B-42BB-9C0D-2C11AAAABDE5}.Debug|Any CPU.ActiveCfg = Debug|Any CPU
		{D03D004D-CA3B-42BB-9C0D-2C11AAAABDE5}.Debug|Any CPU.Build.0 = Debug|Any CPU
		{D03D004D-CA3B-42BB-9C0D-2C11AAAABDE5}.Release|Any CPU.ActiveCfg = Release|Any CPU
		{D03D004D-CA3B-42BB-9C0D-2C11AAAABDE5}.Release|Any CPU.Build.0 = Release|Any CPU
	EndGlobalSection
	GlobalSection(SolutionProperties) = preSolution
		HideSolutionNode = FALSE
	EndGlobalSection
	GlobalSection(ExtensibilityGlobals) = postSolution
		SolutionGuid = {EBF20FEE-117E-474E-B160-9CB9835B4095}
	EndGlobalSection
EndGlobal
